
Microsoft Visual Studio Solution File, Format Version 12.00
# Visual Studio Version 16
VisualStudioVersion = 16.0.29306.81
MinimumVisualStudioVersion = 10.0.40219.1
Project("{FAE04EC0-301F-11D3-BF4B-00C04F79EFBC}") = "CPU and RAM", "CPU and RAM\CPU and RAM.csproj", "{360F8AA7-9D19-4C5E-95F6-0CA7F0BAA0EF}"
EndProject
Global
	GlobalSection(SolutionConfigurationPlatforms) = preSolution
		Debug|Any CPU = Debug|Any CPU
		Release|Any CPU = Release|Any CPU
	EndGlobalSection
	GlobalSection(ProjectConfigurationPlatforms) = postSolution
		{360F8AA7-9D19-4C5E-95F6-0CA7F0BAA0EF}.Debug|Any CPU.ActiveCfg = Debug|Any CPU
		{360F8AA7-9D19-4C5E-95F6-0CA7F0BAA0EF}.Debug|Any CPU.Build.0 = Debug|Any CPU
		{360F8AA7-9D19-4C5E-95F6-0CA7F0BAA0EF}.Release|Any CPU.ActiveCfg = Release|Any CPU
		{360F8AA7-9D19-4C5E-95F6-0CA7F0BAA0EF}.Release|Any CPU.Build.0 = Release|Any CPU
	EndGlobalSection
	GlobalSection(SolutionProperties) = preSolution
		HideSolutionNode = FALSE
	EndGlobalSection
	GlobalSection(ExtensibilityGlobals) = postSolution
		SolutionGuid = {7FE75B85-179F-4942-BE84-600EB3055ABD}
	EndGlobalSection
EndGlobal
